<?xml version="1.0" encoding="utf-8"?>
<Project ToolsVersion="4.0" xmlns="http://schemas.microsoft.com/developer/msbuild/2003">
  <ItemGroup>
    <Filter Include="Source Files">
      <UniqueIdentifier>{4FC737F1-C7A5-4376-A066-2A32D752A2FF}</UniqueIdentifier>
      <Extensions>cpp;c;cc;cxx;def;odl;idl;hpj;bat;asm;asmx</Extensions>
    </Filter>
    <Filter Include="Resource Files">
      <UniqueIdentifier>{67DA6AB6-F800-4c08-8B7A-83BB121AAD01}</UniqueIdentifier>
      <Extensions>rc;ico;cur;bmp;dlg;rc2;rct;bin;rgs;gif;jpg;jpeg;jpe;resx;tiff;tif;png;wav;mfcribbon-ms</Extensions>
    </Filter>
  </ItemGroup>
  <ItemGroup>
    <ClCompile Include="src\Camera.cpp">
      <Filter>Source Files</Filter>
    </ClCompile>
    <ClCompile Include="src\convexhull.cpp">
      <Filter>Source Files</Filter>
    </ClCompile>
    <ClCompile Include="src\diicooksvd.cpp">
      <Filter>Source Files</Filter>
    </ClCompile>
    <ClCompile Include="src\grudicsvd.cpp">
      <Filter>Source Files</Filter>
    </ClCompile>
    <ClCompile Include="src\MGeometry.cpp">
      <Filter>Source Files</Filter>
    </ClCompile>
    <ClCompile Include="src\MPolygon.cpp">
      <Filter>Source Files</Filter>
    </ClCompile>
    <ClCompile Include="src\MSVD.cpp">
      <Filter>Source Files</Filter>
    </ClCompile>
    <ClCompile Include="src\MUtils.cpp">
      <Filter>Source Files</Filter>
    </ClCompile>
    <ClCompile Include="src\Quaternion.cpp">
      <Filter>Source Files</Filter>
    </ClCompile>
    <ClCompile Include="src\Vector2.cpp">
      <Filter>Source Files</Filter>
    </ClCompile>
    <ClCompile Include="src\Vector3.cpp">
      <Filter>Source Files</Filter>
    </ClCompile>
    <ClCompile Include="src\Vector4.cpp">
      <Filter>Source Files</Filter>
    </ClCompile>
    <ClCompile Include="src\Camera_glm.cpp">
      <Filter>Source Files</Filter>
    </ClCompile>
  </ItemGroup>
  <ItemGroup>
    <ClInclude Include="..\include\math\Camera.h">
      <Filter>Source Files</Filter>
    </ClInclude>
    <ClInclude Include="..\include\math\Circle.h">
      <Filter>Source Files</Filter>
    </ClInclude>
    <ClInclude Include="..\include\math\convexhull.h">
      <Filter>Source Files</Filter>
    </ClInclude>
    <ClInclude Include="..\include\math\Horner.h">
      <Filter>Source Files</Filter>
    </ClInclude>
    <ClInclude Include="..\include\math\Matrix.h">
      <Filter>Source Files</Filter>
    </ClInclude>
    <ClInclude Include="..\include\math\Matrix4.h">
      <Filter>Source Files</Filter>
    </ClInclude>
    <ClInclude Include="..\include\math\MGeometry.h">
      <Filter>Source Files</Filter>
    </ClInclude>
    <ClInclude Include="..\include\math\MPolygon.h">
      <Filter>Source Files</Filter>
    </ClInclude>
    <ClInclude Include="..\include\math\MSVD.h">
      <Filter>Source Files</Filter>
    </ClInclude>
    <ClInclude Include="..\include\math\MUtils.h">
      <Filter>Source Files</Filter>
    </ClInclude>
    <ClInclude Include="..\include\math\Point2.h">
      <Filter>Source Files</Filter>
    </ClInclude>
    <ClInclude Include="..\include\math\QuadraticInterpolation.h">
      <Filter>Source Files</Filter>
    </ClInclude>
    <ClInclude Include="..\include\math\Quaternion.h">
      <Filter>Source Files</Filter>
    </ClInclude>
    <ClInclude Include="..\include\math\Tetrahedron.h">
      <Filter>Source Files</Filter>
    </ClInclude>
    <ClInclude Include="..\include\math\Triangle.h">
      <Filter>Source Files</Filter>
    </ClInclude>
    <ClInclude Include="..\include\math\Vector.h">
      <Filter>Source Files</Filter>
    </ClInclude>
    <ClInclude Include="..\include\math\Vector2.h">
      <Filter>Source Files</Filter>
    </ClInclude>
    <ClInclude Include="..\include\math\Vector3.h">
      <Filter>Source Files</Filter>
    </ClInclude>
    <ClInclude Include="..\include\math\Vector4.h">
      <Filter>Source Files</Filter>
    </ClInclude>
  </ItemGroup>
</Project>