<?xml version="1.0" encoding="utf-8"?>
<Project ToolsVersion="4.0" xmlns="http://schemas.microsoft.com/developer/msbuild/2003">
  <ItemGroup>
    <Filter Include="Source Files">
      <UniqueIdentifier>{5e4aa1a7-d666-4f04-a021-74aaf8fe32ea}</UniqueIdentifier>
    </Filter>
    <Filter Include="Shader Files">
      <UniqueIdentifier>{5e474eb1-142f-45a0-bf41-cf99fe4c26a2}</UniqueIdentifier>
    </Filter>
    <Filter Include="Includes Files">
      <UniqueIdentifier>{3ec3f40d-77d4-42e3-bf9e-15c2c0bdcde4}</UniqueIdentifier>
    </Filter>
    <Filter Include="Shader Files\StructuredDataset">
      <UniqueIdentifier>{af2f11d3-21c0-447b-9de9-350eee5ec5ae}</UniqueIdentifier>
    </Filter>
    <Filter Include="Shader Files\StructuredDataset\Composition">
      <UniqueIdentifier>{5e805d1e-e0b1-4645-bdb7-fdeb030a1d43}</UniqueIdentifier>
    </Filter>
  </ItemGroup>
  <ItemGroup>
    <ClCompile Include="src\gbuffer.cpp">
      <Filter>Includes Files</Filter>
    </ClCompile>
    <ClCompile Include="src\main_vr.cpp">
      <Filter>Source Files</Filter>
    </ClCompile>
  </ItemGroup>
  <ItemGroup>
    <ClInclude Include="src\gbuffer.h">
      <Filter>Includes Files</Filter>
    </ClInclude>
  </ItemGroup>
  <ItemGroup>
    <None Include="shader\StructuredDataset\Composition\backtofront.frag">
      <Filter>Shader Files\StructuredDataset\Composition</Filter>
    </None>
    <None Include="shader\StructuredDataset\Composition\fronttoback.frag">
      <Filter>Shader Files\StructuredDataset\Composition</Filter>
    </None>
    <None Include="shader\StructuredDataset\IAS\backface.frag">
      <Filter>Shader Files\StructuredDataset</Filter>
    </None>
    <None Include="shader\StructuredDataset\IAS\backface.vert">
      <Filter>Shader Files\StructuredDataset</Filter>
    </None>
    <None Include="shader\StructuredDataset\IAS\raycasting.vert">
      <Filter>Shader Files\StructuredDataset</Filter>
    </None>
  </ItemGroup>
</Project>