<?xml version="1.0" encoding="utf-8"?>
<Project ToolsVersion="4.0" xmlns="http://schemas.microsoft.com/developer/msbuild/2003">
  <ItemGroup>
    <Filter Include="Source Files">
      <UniqueIdentifier>{4FC737F1-C7A5-4376-A066-2A32D752A2FF}</UniqueIdentifier>
      <Extensions>cpp;c;cc;cxx;def;odl;idl;hpj;bat;asm;asmx</Extensions>
    </Filter>
    <Filter Include="Resource Files">
      <UniqueIdentifier>{67DA6AB6-F800-4c08-8B7A-83BB121AAD01}</UniqueIdentifier>
      <Extensions>rc;ico;cur;bmp;dlg;rc2;rct;bin;rgs;gif;jpg;jpeg;jpe;resx;tiff;tif;png;wav;mfcribbon-ms</Extensions>
    </Filter>
    <Filter Include="Source Files\Camera">
      <UniqueIdentifier>{33b77727-7a4d-4015-bcdd-68a41f29be71}</UniqueIdentifier>
    </Filter>
    <Filter Include="Source Files\Shapes">
      <UniqueIdentifier>{f08cdc32-bd60-46cb-8273-9b615d62b9b7}</UniqueIdentifier>
    </Filter>
  </ItemGroup>
  <ItemGroup>
    <ClCompile Include="src\RTRay.cpp">
      <Filter>Source Files</Filter>
    </ClCompile>
    <ClCompile Include="src\Camera\RTCamera.cpp">
      <Filter>Source Files\Camera</Filter>
    </ClCompile>
    <ClCompile Include="src\Shapes\RTAABB.cpp">
      <Filter>Source Files\Shapes</Filter>
    </ClCompile>
    <ClCompile Include="src\Shapes\RTBox.cpp">
      <Filter>Source Files\Shapes</Filter>
    </ClCompile>
    <ClCompile Include="src\Shapes\RTDisk.cpp">
      <Filter>Source Files\Shapes</Filter>
    </ClCompile>
    <ClCompile Include="src\Shapes\RTLight.cpp">
      <Filter>Source Files\Shapes</Filter>
    </ClCompile>
    <ClCompile Include="src\Shapes\RTObject.cpp">
      <Filter>Source Files\Shapes</Filter>
    </ClCompile>
    <ClCompile Include="src\Shapes\RTRectangle.cpp">
      <Filter>Source Files\Shapes</Filter>
    </ClCompile>
    <ClCompile Include="src\Shapes\RTSphere.cpp">
      <Filter>Source Files\Shapes</Filter>
    </ClCompile>
    <ClCompile Include="src\Shapes\RTTriangle.cpp">
      <Filter>Source Files\Shapes</Filter>
    </ClCompile>
    <ClCompile Include="src\Shapes\RTVolume.cpp">
      <Filter>Source Files\Shapes</Filter>
    </ClCompile>
  </ItemGroup>
  <ItemGroup>
    <ClInclude Include="..\include\raytracer\Camera\RTCamera.h">
      <Filter>Source Files\Camera</Filter>
    </ClInclude>
    <ClInclude Include="..\include\raytracer\RTRay.h">
      <Filter>Source Files</Filter>
    </ClInclude>
    <ClInclude Include="..\include\raytracer\RTRayTracer.h">
      <Filter>Source Files</Filter>
    </ClInclude>
    <ClInclude Include="..\include\raytracer\Shapes\RTAABB.h">
      <Filter>Source Files\Shapes</Filter>
    </ClInclude>
    <ClInclude Include="..\include\raytracer\Shapes\RTBox.h">
      <Filter>Source Files\Shapes</Filter>
    </ClInclude>
    <ClInclude Include="..\include\raytracer\Shapes\RTDisk.h">
      <Filter>Source Files\Shapes</Filter>
    </ClInclude>
    <ClInclude Include="..\include\raytracer\Shapes\RTLight.h">
      <Filter>Source Files\Shapes</Filter>
    </ClInclude>
    <ClInclude Include="..\include\raytracer\Shapes\RTObject.h">
      <Filter>Source Files\Shapes</Filter>
    </ClInclude>
    <ClInclude Include="..\include\raytracer\Shapes\RTRectangle.h">
      <Filter>Source Files\Shapes</Filter>
    </ClInclude>
    <ClInclude Include="..\include\raytracer\Shapes\RTSphere.h">
      <Filter>Source Files\Shapes</Filter>
    </ClInclude>
    <ClInclude Include="..\include\raytracer\Shapes\RTTriangle.h">
      <Filter>Source Files\Shapes</Filter>
    </ClInclude>
    <ClInclude Include="..\include\raytracer\Shapes\RTVolume.h">
      <Filter>Source Files\Shapes</Filter>
    </ClInclude>
  </ItemGroup>
</Project>