<?xml version="1.0" encoding="utf-8"?>
<Project ToolsVersion="4.0" xmlns="http://schemas.microsoft.com/developer/msbuild/2003">
  <ItemGroup>
    <Filter Include="Source Files">
      <UniqueIdentifier>{4FC737F1-C7A5-4376-A066-2A32D752A2FF}</UniqueIdentifier>
      <Extensions>cpp;c;cc;cxx;def;odl;idl;hpj;bat;asm;asmx</Extensions>
    </Filter>
    <Filter Include="Resource Files">
      <UniqueIdentifier>{67DA6AB6-F800-4c08-8B7A-83BB121AAD01}</UniqueIdentifier>
      <Extensions>rc;ico;cur;bmp;dlg;rc2;rct;bin;rgs;gif;jpg;jpeg;jpe;resx;tiff;tif;png;wav;mfcribbon-ms</Extensions>
    </Filter>
  </ItemGroup>
  <ItemGroup>
    <ClCompile Include="src\ATFGenerator.cpp">
      <Filter>Source Files</Filter>
    </ClCompile>
    <ClCompile Include="src\Cluster.cpp">
      <Filter>Source Files</Filter>
    </ClCompile>
    <ClCompile Include="src\ClusterSet.cpp">
      <Filter>Source Files</Filter>
    </ClCompile>
    <ClCompile Include="src\DerivativeMask.cpp">
      <Filter>Source Files</Filter>
    </ClCompile>
    <ClCompile Include="src\Histogram.cpp">
      <Filter>Source Files</Filter>
    </ClCompile>
    <ClCompile Include="src\PGMFile.cpp">
      <Filter>Source Files</Filter>
    </ClCompile>
    <ClCompile Include="src\PredictionMap.cpp">
      <Filter>Source Files</Filter>
    </ClCompile>
    <ClCompile Include="src\RAWFile.cpp">
      <Filter>Source Files</Filter>
    </ClCompile>
    <ClCompile Include="src\Reader.cpp">
      <Filter>Source Files</Filter>
    </ClCompile>
    <ClCompile Include="src\TransferFunction.cpp">
      <Filter>Source Files</Filter>
    </ClCompile>
    <ClCompile Include="src\TransferFunction1D.cpp">
      <Filter>Source Files</Filter>
    </ClCompile>
    <ClCompile Include="src\TransferFunction2D.cpp">
      <Filter>Source Files</Filter>
    </ClCompile>
    <ClCompile Include="src\Utils.cpp">
      <Filter>Source Files</Filter>
    </ClCompile>
    <ClCompile Include="src\Volume.cpp">
      <Filter>Source Files</Filter>
    </ClCompile>
    <ClCompile Include="src\VolWriter.cpp">
      <Filter>Source Files</Filter>
    </ClCompile>
    <ClCompile Include="src\Cell.cpp">
      <Filter>Source Files</Filter>
    </ClCompile>
    <ClCompile Include="src\Tank.cpp">
      <Filter>Source Files</Filter>
    </ClCompile>
    <ClCompile Include="src\Brick8.cpp">
      <Filter>Source Files</Filter>
    </ClCompile>
  </ItemGroup>
  <ItemGroup>
    <ClInclude Include="..\include\atfg\ATFGenerator.h">
      <Filter>Source Files</Filter>
    </ClInclude>
    <ClInclude Include="..\include\atfg\Cell.h">
      <Filter>Source Files</Filter>
    </ClInclude>
    <ClInclude Include="..\include\atfg\Cluster.h">
      <Filter>Source Files</Filter>
    </ClInclude>
    <ClInclude Include="..\include\atfg\ClusterSet.h">
      <Filter>Source Files</Filter>
    </ClInclude>
    <ClInclude Include="..\include\atfg\ConnectivityFilter.h">
      <Filter>Source Files</Filter>
    </ClInclude>
    <ClInclude Include="..\include\atfg\DerivativeMask.h">
      <Filter>Source Files</Filter>
    </ClInclude>
    <ClInclude Include="..\include\atfg\FastTFGenerator.h">
      <Filter>Source Files</Filter>
    </ClInclude>
    <ClInclude Include="..\include\atfg\FunctionDesigner.h">
      <Filter>Source Files</Filter>
    </ClInclude>
    <ClInclude Include="..\include\atfg\Graph.h">
      <Filter>Source Files</Filter>
    </ClInclude>
    <ClInclude Include="..\include\atfg\Histogram.h">
      <Filter>Source Files</Filter>
    </ClInclude>
    <ClInclude Include="..\include\atfg\IATFGenerator.h">
      <Filter>Source Files</Filter>
    </ClInclude>
    <ClInclude Include="..\include\atfg\ITransferFunction.h">
      <Filter>Source Files</Filter>
    </ClInclude>
    <ClInclude Include="..\include\atfg\PGMFile.h">
      <Filter>Source Files</Filter>
    </ClInclude>
    <ClInclude Include="..\include\atfg\PMCell.h">
      <Filter>Source Files</Filter>
    </ClInclude>
    <ClInclude Include="..\include\atfg\PredictionMap.h">
      <Filter>Source Files</Filter>
    </ClInclude>
    <ClInclude Include="..\include\atfg\RAWFile.h">
      <Filter>Source Files</Filter>
    </ClInclude>
    <ClInclude Include="..\include\atfg\Reader.h">
      <Filter>Source Files</Filter>
    </ClInclude>
    <ClInclude Include="..\include\atfg\ScalarField.h">
      <Filter>Source Files</Filter>
    </ClInclude>
    <ClInclude Include="..\include\atfg\Tank.h">
      <Filter>Source Files</Filter>
    </ClInclude>
    <ClInclude Include="..\include\atfg\TransferFunction.h">
      <Filter>Source Files</Filter>
    </ClInclude>
    <ClInclude Include="..\include\atfg\TransferFunction1D.h">
      <Filter>Source Files</Filter>
    </ClInclude>
    <ClInclude Include="..\include\atfg\TransferFunction2D.h">
      <Filter>Source Files</Filter>
    </ClInclude>
    <ClInclude Include="..\include\atfg\Utils.h">
      <Filter>Source Files</Filter>
    </ClInclude>
    <ClInclude Include="..\include\atfg\Volume.h">
      <Filter>Source Files</Filter>
    </ClInclude>
    <ClInclude Include="..\include\atfg\VolWriter.h">
      <Filter>Source Files</Filter>
    </ClInclude>
    <ClInclude Include="..\include\atfg\Brick8.h">
      <Filter>Source Files</Filter>
    </ClInclude>
  </ItemGroup>
</Project>