<?xml version="1.0" encoding="utf-8"?>
<Project ToolsVersion="4.0" xmlns="http://schemas.microsoft.com/developer/msbuild/2003">
  <ItemGroup>
    <Filter Include="Source Files">
      <UniqueIdentifier>{4FC737F1-C7A5-4376-A066-2A32D752A2FF}</UniqueIdentifier>
      <Extensions>cpp;c;cc;cxx;def;odl;idl;hpj;bat;asm;asmx</Extensions>
    </Filter>
    <Filter Include="Resource Files">
      <UniqueIdentifier>{67DA6AB6-F800-4c08-8B7A-83BB121AAD01}</UniqueIdentifier>
      <Extensions>rc;ico;cur;bmp;dlg;rc2;rct;bin;rgs;gif;jpg;jpeg;jpe;resx;tiff;tif;png;wav;mfcribbon-ms</Extensions>
    </Filter>
    <Filter Include="Source Files\Shapes">
      <UniqueIdentifier>{8a0ffb25-c1f2-45eb-86fa-b12eadfc8f75}</UniqueIdentifier>
    </Filter>
  </ItemGroup>
  <ItemGroup>
    <ClCompile Include="src\GLArrayObject.cpp">
      <Filter>Source Files</Filter>
    </ClCompile>
    <ClCompile Include="src\GLBufferObject.cpp">
      <Filter>Source Files</Filter>
    </ClCompile>
    <ClCompile Include="src\GLCamera.cpp">
      <Filter>Source Files</Filter>
    </ClCompile>
    <ClCompile Include="src\GLFrameBufferObject.cpp">
      <Filter>Source Files</Filter>
    </ClCompile>
    <ClCompile Include="src\GLShader.cpp">
      <Filter>Source Files</Filter>
    </ClCompile>
    <ClCompile Include="src\GLStackMatrix.cpp">
      <Filter>Source Files</Filter>
    </ClCompile>
    <ClCompile Include="src\GLTexture1D.cpp">
      <Filter>Source Files</Filter>
    </ClCompile>
    <ClCompile Include="src\GLTexture2D.cpp">
      <Filter>Source Files</Filter>
    </ClCompile>
    <ClCompile Include="src\GLTexture3D.cpp">
      <Filter>Source Files</Filter>
    </ClCompile>
    <ClCompile Include="src\GLUtils.cpp">
      <Filter>Source Files</Filter>
    </ClCompile>
    <ClCompile Include="src\Shapes\GLCube.cpp">
      <Filter>Source Files\Shapes</Filter>
    </ClCompile>
    <ClCompile Include="src\Shapes\GLGrid.cpp">
      <Filter>Source Files\Shapes</Filter>
    </ClCompile>
  </ItemGroup>
  <ItemGroup>
    <ClInclude Include="..\include\glutils\GLArrayObject.h">
      <Filter>Source Files</Filter>
    </ClInclude>
    <ClInclude Include="..\include\glutils\GLBufferObject.h">
      <Filter>Source Files</Filter>
    </ClInclude>
    <ClInclude Include="..\include\glutils\GLCamera.h">
      <Filter>Source Files</Filter>
    </ClInclude>
    <ClInclude Include="..\include\glutils\GLFrameBufferObject.h">
      <Filter>Source Files</Filter>
    </ClInclude>
    <ClInclude Include="..\include\glutils\GLShader.h">
      <Filter>Source Files</Filter>
    </ClInclude>
    <ClInclude Include="..\include\glutils\GLStackMatrix.h">
      <Filter>Source Files</Filter>
    </ClInclude>
    <ClInclude Include="..\include\glutils\GLTexture1D.h">
      <Filter>Source Files</Filter>
    </ClInclude>
    <ClInclude Include="..\include\glutils\GLTexture2D.h">
      <Filter>Source Files</Filter>
    </ClInclude>
    <ClInclude Include="..\include\glutils\GLTexture3D.h">
      <Filter>Source Files</Filter>
    </ClInclude>
    <ClInclude Include="..\include\glutils\GLUtils.h">
      <Filter>Source Files</Filter>
    </ClInclude>
    <ClInclude Include="..\include\glutils\Shapes\GLCube.h">
      <Filter>Source Files\Shapes</Filter>
    </ClInclude>
    <ClInclude Include="..\include\glutils\Shapes\GLGrid.h">
      <Filter>Source Files\Shapes</Filter>
    </ClInclude>
  </ItemGroup>
</Project>