<?xml version="1.0" encoding="utf-8"?>
<Project ToolsVersion="4.0" xmlns="http://schemas.microsoft.com/developer/msbuild/2003">
  <ItemGroup>
    <Filter Include="Source Files">
      <UniqueIdentifier>{4FC737F1-C7A5-4376-A066-2A32D752A2FF}</UniqueIdentifier>
      <Extensions>cpp;c;cc;cxx;def;odl;idl;hpj;bat;asm;asmx</Extensions>
    </Filter>
    <Filter Include="Resource Files">
      <UniqueIdentifier>{67DA6AB6-F800-4c08-8B7A-83BB121AAD01}</UniqueIdentifier>
      <Extensions>rc;ico;cur;bmp;dlg;rc2;rct;bin;rgs;gif;jpg;jpeg;jpe;resx;tiff;tif;png;wav;mfcribbon-ms</Extensions>
    </Filter>
    <Filter Include="Source Files\Utils">
      <UniqueIdentifier>{825c1237-9179-45d4-a228-5c18a8f81267}</UniqueIdentifier>
    </Filter>
    <Filter Include="Source Files\File">
      <UniqueIdentifier>{b0555c7f-e740-4da8-be5b-f3e80aff4ea7}</UniqueIdentifier>
    </Filter>
    <Filter Include="Source Files\Clustering">
      <UniqueIdentifier>{ecf7e8ca-d5cb-4ae3-be46-8121de14df8d}</UniqueIdentifier>
    </Filter>
    <Filter Include="Source Files\Sampling">
      <UniqueIdentifier>{4031e97c-7eab-4c9e-b8a9-7fba9b3146da}</UniqueIdentifier>
    </Filter>
    <Filter Include="Source Files\Sort">
      <UniqueIdentifier>{7222c7a8-968b-4ffd-94cf-7f4796fb3e26}</UniqueIdentifier>
    </Filter>
    <Filter Include="Source Files\image">
      <UniqueIdentifier>{21ae41a9-9f05-4233-9529-7e0cda6cc420}</UniqueIdentifier>
    </Filter>
  </ItemGroup>
  <ItemGroup>
    <ClInclude Include="..\include\lqc\Clustering\meanshift.h">
      <Filter>Source Files\Clustering</Filter>
    </ClInclude>
    <ClInclude Include="..\include\lqc\Clustering\utils.h">
      <Filter>Source Files\Clustering</Filter>
    </ClInclude>
    <ClInclude Include="..\include\lqc\File\PVMLoader.h">
      <Filter>Source Files\File</Filter>
    </ClInclude>
    <ClInclude Include="..\include\lqc\File\RAWLoader.h">
      <Filter>Source Files\File</Filter>
    </ClInclude>
    <ClInclude Include="..\include\lqc\Sampling\PoissonDisk.h">
      <Filter>Source Files\Sampling</Filter>
    </ClInclude>
    <ClInclude Include="..\include\lqc\Sampling\RangeList.h">
      <Filter>Source Files\Sampling</Filter>
    </ClInclude>
    <ClInclude Include="..\include\lqc\Sampling\ScallopedRegion.h">
      <Filter>Source Files\Sampling</Filter>
    </ClInclude>
    <ClInclude Include="..\include\lqc\Sampling\WeightedDiscretePDF.h">
      <Filter>Source Files\Sampling</Filter>
    </ClInclude>
    <ClInclude Include="..\include\lqc\Sort\SQuickSort.h">
      <Filter>Source Files\Sort</Filter>
    </ClInclude>
    <ClInclude Include="..\include\lqc\Utils\Camera.h">
      <Filter>Source Files\Utils</Filter>
    </ClInclude>
    <ClInclude Include="..\include\lqc\Utils\Color.h">
      <Filter>Source Files\Utils</Filter>
    </ClInclude>
    <ClInclude Include="..\include\lqc\Utils\Function.h">
      <Filter>Source Files\Utils</Filter>
    </ClInclude>
    <ClInclude Include="..\include\lqc\Utils\LHHistogram.h">
      <Filter>Source Files\Utils</Filter>
    </ClInclude>
    <ClInclude Include="..\include\lqc\Utils\NumericalIntegration.h">
      <Filter>Source Files\Utils</Filter>
    </ClInclude>
    <ClInclude Include="..\include\lqc\Utils\SievePrimes.h">
      <Filter>Source Files\Utils</Filter>
    </ClInclude>
    <ClInclude Include="..\include\lqc\Utils\Utils.h">
      <Filter>Source Files\Utils</Filter>
    </ClInclude>
    <ClInclude Include="..\include\lqc\Utils\Voxel.h">
      <Filter>Source Files\Utils</Filter>
    </ClInclude>
    <ClInclude Include="..\include\lqc\lqcdefines.h">
      <Filter>Source Files</Filter>
    </ClInclude>
    <ClInclude Include="..\include\lqc.h">
      <Filter>Source Files</Filter>
    </ClInclude>
    <ClInclude Include="..\include\lqc\Utils\Singleton.h">
      <Filter>Source Files\Utils</Filter>
    </ClInclude>
    <ClInclude Include="..\include\lqc\image\image.h">
      <Filter>Source Files\image</Filter>
    </ClInclude>
    <ClInclude Include="..\include\lqc\Utils\simplearoundcamera.h">
      <Filter>Source Files\Utils</Filter>
    </ClInclude>
  </ItemGroup>
  <ItemGroup>
    <ClCompile Include="src\Utils\Color.cpp">
      <Filter>Source Files\Utils</Filter>
    </ClCompile>
    <ClCompile Include="src\File\RAWLoader.cpp">
      <Filter>Source Files\File</Filter>
    </ClCompile>
    <ClCompile Include="src\Utils\Voxel.cpp">
      <Filter>Source Files\Utils</Filter>
    </ClCompile>
    <ClCompile Include="src\Utils\Utils.cpp">
      <Filter>Source Files\Utils</Filter>
    </ClCompile>
    <ClCompile Include="src\Utils\NumericalIntegration.cpp">
      <Filter>Source Files\Utils</Filter>
    </ClCompile>
    <ClCompile Include="src\Utils\LHHistogram.cpp">
      <Filter>Source Files\Utils</Filter>
    </ClCompile>
    <ClCompile Include="src\Utils\SievePrimes.cpp">
      <Filter>Source Files\Utils</Filter>
    </ClCompile>
    <ClCompile Include="src\Clustering\meanshift.cpp">
      <Filter>Source Files\Clustering</Filter>
    </ClCompile>
    <ClCompile Include="src\Utils\Camera.cpp">
      <Filter>Source Files\Utils</Filter>
    </ClCompile>
    <ClCompile Include="src\Sampling\PoissonDisk.cpp">
      <Filter>Source Files\Sampling</Filter>
    </ClCompile>
    <ClCompile Include="src\Sampling\RangeList.cpp">
      <Filter>Source Files\Sampling</Filter>
    </ClCompile>
    <ClCompile Include="src\Sampling\ScallopedRegion.cpp">
      <Filter>Source Files\Sampling</Filter>
    </ClCompile>
    <ClCompile Include="src\image\image.cpp">
      <Filter>Source Files\image</Filter>
    </ClCompile>
    <ClCompile Include="src\Utils\simplearoundcamera.cpp">
      <Filter>Source Files\Utils</Filter>
    </ClCompile>
  </ItemGroup>
</Project>