<?xml version="1.0" encoding="utf-8"?>
<Project ToolsVersion="4.0" xmlns="http://schemas.microsoft.com/developer/msbuild/2003">
  <ItemGroup>
    <Filter Include="Source Files">
      <UniqueIdentifier>{4FC737F1-C7A5-4376-A066-2A32D752A2FF}</UniqueIdentifier>
      <Extensions>cpp;c;cc;cxx;def;odl;idl;hpj;bat;asm;asmx</Extensions>
    </Filter>
    <Filter Include="Resource Files">
      <UniqueIdentifier>{67DA6AB6-F800-4c08-8B7A-83BB121AAD01}</UniqueIdentifier>
      <Extensions>rc;ico;cur;bmp;dlg;rc2;rct;bin;rgs;gif;jpg;jpeg;jpe;resx;tiff;tif;png;wav;mfcribbon-ms</Extensions>
    </Filter>
  </ItemGroup>
  <ItemGroup>
    <ClInclude Include="..\include\volrend\TransferFunction1D.h">
      <Filter>Source Files</Filter>
    </ClInclude>
    <ClInclude Include="..\include\volrend\TransferFunctions_tf.h">
      <Filter>Source Files</Filter>
    </ClInclude>
    <ClInclude Include="..\include\volrend\Reader.h">
      <Filter>Source Files</Filter>
    </ClInclude>
    <ClInclude Include="..\include\volrend\UnstructuredVolume.h">
      <Filter>Source Files</Filter>
    </ClInclude>
    <ClInclude Include="..\include\volrend\Volume.h">
      <Filter>Source Files</Filter>
    </ClInclude>
    <ClInclude Include="..\include\volrend\TransferFunction.h">
      <Filter>Source Files</Filter>
    </ClInclude>
    <ClInclude Include="..\include\volrend\TransferFunctionGroups.h">
      <Filter>Source Files</Filter>
    </ClInclude>
    <ClInclude Include="..\include\volrend\TransferFunctionGersa.h">
      <Filter>Source Files</Filter>
    </ClInclude>
    <ClInclude Include="..\include\volrend\Utils.h">
      <Filter>Source Files</Filter>
    </ClInclude>
    <ClInclude Include="..\include\volrend\ScalarField.h">
      <Filter>Source Files</Filter>
    </ClInclude>
    <ClInclude Include="..\include\volrend\RAWFile.h">
      <Filter>Source Files</Filter>
    </ClInclude>
    <ClInclude Include="..\include\volrend\VolWriter.h">
      <Filter>Source Files</Filter>
    </ClInclude>
  </ItemGroup>
  <ItemGroup>
    <ClCompile Include="src\TransferFunction1D.cpp">
      <Filter>Source Files</Filter>
    </ClCompile>
    <ClCompile Include="src\Reader.cpp">
      <Filter>Source Files</Filter>
    </ClCompile>
    <ClCompile Include="src\Volume.cpp">
      <Filter>Source Files</Filter>
    </ClCompile>
    <ClCompile Include="src\TransferFunction.cpp">
      <Filter>Source Files</Filter>
    </ClCompile>
    <ClCompile Include="src\TransferFunctionGroups.cpp">
      <Filter>Source Files</Filter>
    </ClCompile>
    <ClCompile Include="src\TransferFunctionGersa.cpp">
      <Filter>Source Files</Filter>
    </ClCompile>
    <ClCompile Include="src\Utils.cpp">
      <Filter>Source Files</Filter>
    </ClCompile>
    <ClCompile Include="src\RAWFile.cpp">
      <Filter>Source Files</Filter>
    </ClCompile>
    <ClCompile Include="src\VolWriter.cpp">
      <Filter>Source Files</Filter>
    </ClCompile>
  </ItemGroup>
</Project>