<?xml version="1.0" encoding="utf-8"?>
<Project ToolsVersion="4.0" xmlns="http://schemas.microsoft.com/developer/msbuild/2003">
  <ItemGroup>
    <Filter Include="Source Files">
      <UniqueIdentifier>{5e4aa1a7-d666-4f04-a021-74aaf8fe32ea}</UniqueIdentifier>
    </Filter>
    <Filter Include="Shader Files">
      <UniqueIdentifier>{5e474eb1-142f-45a0-bf41-cf99fe4c26a2}</UniqueIdentifier>
    </Filter>
    <Filter Include="Source Files\ViewMethod">
      <UniqueIdentifier>{36e6caf3-d6d3-471a-9728-95ce1dfed545}</UniqueIdentifier>
    </Filter>
    <Filter Include="Shader Files\StructuredDataset">
      <UniqueIdentifier>{d08f6416-3882-49b6-ab39-55aea1779f8a}</UniqueIdentifier>
    </Filter>
    <Filter Include="Includes Files">
      <UniqueIdentifier>{3ec3f40d-77d4-42e3-bf9e-15c2c0bdcde4}</UniqueIdentifier>
    </Filter>
    <Filter Include="Source Files\Viewer">
      <UniqueIdentifier>{12922cad-cb21-4c8d-afbd-3c5aa303c71a}</UniqueIdentifier>
    </Filter>
    <Filter Include="Source Files\TransferFunctionViewer">
      <UniqueIdentifier>{4d9e29c2-990a-40d7-a05a-dd6097ac2508}</UniqueIdentifier>
    </Filter>
    <Filter Include="OldFiles">
      <UniqueIdentifier>{b6bba7ba-1336-40c6-9ad2-30a538321f0d}</UniqueIdentifier>
    </Filter>
    <Filter Include="OldFiles\ERN">
      <UniqueIdentifier>{c7cff1f9-f7c0-4538-8321-0c0176c7a789}</UniqueIdentifier>
    </Filter>
    <Filter Include="OldFiles\ERN2D">
      <UniqueIdentifier>{2cbd6c33-da64-4aac-aa6d-1608d346d2de}</UniqueIdentifier>
    </Filter>
    <Filter Include="Source Files\5. CPU">
      <UniqueIdentifier>{4e1543ae-a35e-4a53-bfd0-d2c094474529}</UniqueIdentifier>
    </Filter>
    <Filter Include="Source Files\5. CPU\AdaptiveMethods">
      <UniqueIdentifier>{1cdfcaac-9bee-4754-be62-034ed19d2864}</UniqueIdentifier>
    </Filter>
    <Filter Include="Source Files\5. CPU\AdaptiveMethods\Simpson iterando na externa">
      <UniqueIdentifier>{ada9c382-37b9-4c39-ae99-bd2a5580b674}</UniqueIdentifier>
    </Filter>
    <Filter Include="Source Files\5. CPU\AdaptiveMethods\Simpson Fila">
      <UniqueIdentifier>{a44dc8dc-767d-487e-ae75-710c96fc51c9}</UniqueIdentifier>
    </Filter>
    <Filter Include="Source Files\1. GLSL2P">
      <UniqueIdentifier>{a045d4d7-39d1-466f-9460-42a1d3830d4d}</UniqueIdentifier>
    </Filter>
    <Filter Include="Source Files\3. Equidistant Evaluation">
      <UniqueIdentifier>{aa262f7f-a01f-4627-9328-15b2f065ce13}</UniqueIdentifier>
    </Filter>
    <Filter Include="Source Files\4. Adaptive Evaluation">
      <UniqueIdentifier>{30c4a4d1-7265-4964-a076-e18ee6f4095b}</UniqueIdentifier>
    </Filter>
    <Filter Include="Source Files\2. IAS">
      <UniqueIdentifier>{f621d945-90a6-4ecf-87ec-1207b761f25d}</UniqueIdentifier>
    </Filter>
    <Filter Include="Shader Files\StructuredDataset\1. RiemannSummation">
      <UniqueIdentifier>{b7cc564a-32e1-4893-b8ad-0421a5e1c2d3}</UniqueIdentifier>
    </Filter>
    <Filter Include="Shader Files\StructuredDataset\3. Equidistant Evaluation">
      <UniqueIdentifier>{a191ca4c-2afc-4159-80da-6e0aef2041c8}</UniqueIdentifier>
    </Filter>
    <Filter Include="Shader Files\StructuredDataset\4. Adaptive Evaluation">
      <UniqueIdentifier>{a2efc488-497d-49ed-9443-a3af0ace0587}</UniqueIdentifier>
    </Filter>
    <Filter Include="Shader Files\StructuredDataset\2. IterativeAdaptiveSimpson">
      <UniqueIdentifier>{6dd156b8-71ea-4179-b248-267d34f83d0e}</UniqueIdentifier>
    </Filter>
    <Filter Include="OldFiles\shader">
      <UniqueIdentifier>{b11d1b1f-7afe-4732-bc2e-d2e5c2a3663b}</UniqueIdentifier>
    </Filter>
    <Filter Include="OldFiles\shader\Composition">
      <UniqueIdentifier>{5d8cc253-2664-482b-8a7c-a303aefca99c}</UniqueIdentifier>
    </Filter>
    <Filter Include="OldFiles\shader\DoublePrecision">
      <UniqueIdentifier>{ba9d4619-7807-49d8-8ebf-0c7110220551}</UniqueIdentifier>
    </Filter>
    <Filter Include="OldFiles\shader\ERN">
      <UniqueIdentifier>{90d5993e-d64d-4063-9c66-b1b3cd9a8424}</UniqueIdentifier>
    </Filter>
    <Filter Include="OldFiles\shader\ERN2D">
      <UniqueIdentifier>{ba61fa49-1c1b-4091-b6ea-614df2bfaab9}</UniqueIdentifier>
    </Filter>
    <Filter Include="OldFiles\shader\IAS">
      <UniqueIdentifier>{c473a5f5-639e-453e-a224-09d596f87b20}</UniqueIdentifier>
    </Filter>
    <Filter Include="OldFiles\shader\IAS\Adaptive">
      <UniqueIdentifier>{a440d1ea-daff-4572-99da-5c4fbbb46678}</UniqueIdentifier>
    </Filter>
    <Filter Include="OldFiles\shader\IAS\Optimized">
      <UniqueIdentifier>{98e09c5d-2f55-4c94-80c5-5341549dd8ff}</UniqueIdentifier>
    </Filter>
    <Filter Include="Source Files\AutomaticTransferFunction">
      <UniqueIdentifier>{05093617-58c2-4e0c-8f23-7c6fbe357b58}</UniqueIdentifier>
    </Filter>
  </ItemGroup>
  <ItemGroup>
    <ClCompile Include="..\ATFGeneratorApp\src\main.cpp">
      <Filter>Source Files</Filter>
    </ClCompile>
    <ClCompile Include="..\ATFGeneratorApp\src\CPU\VolumeEvaluator.cpp">
      <Filter>Source Files\5. CPU</Filter>
    </ClCompile>
    <ClCompile Include="..\ATFGeneratorApp\src\gbuffer.cpp">
      <Filter>Includes Files</Filter>
    </ClCompile>
    <ClCompile Include="..\ATFGeneratorApp\src\Viewer.cpp">
      <Filter>Source Files\Viewer</Filter>
    </ClCompile>
    <ClCompile Include="..\ATFGeneratorApp\src\ViewerInterface.cpp">
      <Filter>Source Files\Viewer</Filter>
    </ClCompile>
    <ClCompile Include="..\ATFGeneratorApp\src\TransferFunctionViewer\TransferFunctionsViewer.cpp">
      <Filter>Source Files\TransferFunctionViewer</Filter>
    </ClCompile>
    <ClCompile Include="..\ATFGeneratorApp\src\CPU\Evaluator.cpp">
      <Filter>Source Files\5. CPU</Filter>
    </ClCompile>
    <ClCompile Include="..\ATFGeneratorApp\src\CPUTimer.cpp">
      <Filter>Source Files</Filter>
    </ClCompile>
    <ClCompile Include="..\ATFGeneratorApp\src\ERN\ERNRenderer.cpp">
      <Filter>OldFiles\ERN</Filter>
    </ClCompile>
    <ClCompile Include="..\ATFGeneratorApp\src\ERN\ERNUserInterface.cpp">
      <Filter>OldFiles\ERN</Filter>
    </ClCompile>
    <ClCompile Include="..\ATFGeneratorApp\src\ERN\ERNViewMethod.cpp">
      <Filter>OldFiles\ERN</Filter>
    </ClCompile>
    <ClCompile Include="..\ATFGeneratorApp\src\ERN2D\ERN2DRenderer.cpp">
      <Filter>OldFiles\ERN2D</Filter>
    </ClCompile>
    <ClCompile Include="..\ATFGeneratorApp\src\ERN2D\ERN2DUserInterface.cpp">
      <Filter>OldFiles\ERN2D</Filter>
    </ClCompile>
    <ClCompile Include="..\ATFGeneratorApp\src\ERN2D\ERN2DViewMethod.cpp">
      <Filter>OldFiles\ERN2D</Filter>
    </ClCompile>
    <ClCompile Include="..\ATFGeneratorApp\src\ERN2D\Volume2D.cpp">
      <Filter>OldFiles\ERN2D</Filter>
    </ClCompile>
    <ClCompile Include="..\ATFGeneratorApp\src\CPU\SimpsonHalfIntegrator.cpp">
      <Filter>Source Files\5. CPU\AdaptiveMethods</Filter>
    </ClCompile>
    <ClCompile Include="..\ATFGeneratorApp\src\CPU\SimpsonErrorHalfIntegrator.cpp">
      <Filter>Source Files\5. CPU\AdaptiveMethods</Filter>
    </ClCompile>
    <ClCompile Include="..\ATFGeneratorApp\src\CPU\SimpsonErrorIntegrator.cpp">
      <Filter>Source Files\5. CPU\AdaptiveMethods</Filter>
    </ClCompile>
    <ClCompile Include="..\ATFGeneratorApp\src\CPU\SimpsonErrorQuadraticIntegrator.cpp">
      <Filter>Source Files\5. CPU\AdaptiveMethods</Filter>
    </ClCompile>
    <ClCompile Include="..\ATFGeneratorApp\src\CPU\SimpsonErrorProjectionIntegrator.cpp">
      <Filter>Source Files\5. CPU\AdaptiveMethods</Filter>
    </ClCompile>
    <ClCompile Include="..\ATFGeneratorApp\src\CPU\SimpsonErrorHalfProjectionIntegrator.cpp">
      <Filter>Source Files\5. CPU\AdaptiveMethods</Filter>
    </ClCompile>
    <ClCompile Include="..\ATFGeneratorApp\src\CPU\SimpsonHalfIteratorRiemannError.cpp">
      <Filter>Source Files\5. CPU\AdaptiveMethods</Filter>
    </ClCompile>
    <ClCompile Include="..\ATFGeneratorApp\src\CPU\SimpsonIntegrator.cpp">
      <Filter>Source Files\5. CPU\AdaptiveMethods</Filter>
    </ClCompile>
    <ClCompile Include="..\ATFGeneratorApp\src\CPU\SimpsonHalfIterateIntegrator.cpp">
      <Filter>Source Files\5. CPU\AdaptiveMethods\Simpson iterando na externa</Filter>
    </ClCompile>
    <ClCompile Include="..\ATFGeneratorApp\src\CPU\SimpsonHalfQueueIntegrator.cpp">
      <Filter>Source Files\5. CPU\AdaptiveMethods\Simpson Fila</Filter>
    </ClCompile>
    <ClCompile Include="..\ATFGeneratorApp\src\CPU\Decoupled.cpp">
      <Filter>Source Files\5. CPU\AdaptiveMethods\Simpson iterando na externa</Filter>
    </ClCompile>
    <ClCompile Include="..\ATFGeneratorApp\src\CPU\Coupled.cpp">
      <Filter>Source Files\5. CPU\AdaptiveMethods\Simpson iterando na externa</Filter>
    </ClCompile>
    <ClCompile Include="..\ATFGeneratorApp\src\CPU\RiemannSummation.cpp">
      <Filter>Source Files\5. CPU</Filter>
    </ClCompile>
    <ClCompile Include="..\ATFGeneratorApp\src\CPU\SimpsonRule.cpp">
      <Filter>Source Files\5. CPU</Filter>
    </ClCompile>
    <ClCompile Include="..\ATFGeneratorApp\src\EquidistantEvaluation\RendererEquidistant.cpp">
      <Filter>Source Files\3. Equidistant Evaluation</Filter>
    </ClCompile>
    <ClCompile Include="..\ATFGeneratorApp\src\EquidistantEvaluation\UserInterfaceEquidistant.cpp">
      <Filter>Source Files\3. Equidistant Evaluation</Filter>
    </ClCompile>
    <ClCompile Include="..\ATFGeneratorApp\src\EquidistantEvaluation\ViewMethodEquidistant.cpp">
      <Filter>Source Files\3. Equidistant Evaluation</Filter>
    </ClCompile>
    <ClCompile Include="..\ATFGeneratorApp\src\AdaptiveEvaluation\RendererAdaptive.cpp">
      <Filter>Source Files\4. Adaptive Evaluation</Filter>
    </ClCompile>
    <ClCompile Include="..\ATFGeneratorApp\src\AdaptiveEvaluation\UserInterfaceAdaptive.cpp">
      <Filter>Source Files\4. Adaptive Evaluation</Filter>
    </ClCompile>
    <ClCompile Include="..\ATFGeneratorApp\src\AdaptiveEvaluation\ViewMethodAdaptive.cpp">
      <Filter>Source Files\4. Adaptive Evaluation</Filter>
    </ClCompile>
    <ClCompile Include="..\ATFGeneratorApp\src\GLSL2P\RendererGLSL2P.cpp">
      <Filter>Source Files\1. GLSL2P</Filter>
    </ClCompile>
    <ClCompile Include="..\ATFGeneratorApp\src\GLSL2P\UserInterfaceGLSL2P.cpp">
      <Filter>Source Files\1. GLSL2P</Filter>
    </ClCompile>
    <ClCompile Include="..\ATFGeneratorApp\src\GLSL2P\ViewMethodGLSL2P.cpp">
      <Filter>Source Files\1. GLSL2P</Filter>
    </ClCompile>
    <ClCompile Include="..\ATFGeneratorApp\src\IAS\RendererIAS.cpp">
      <Filter>Source Files\2. IAS</Filter>
    </ClCompile>
    <ClCompile Include="..\ATFGeneratorApp\src\IAS\UserInterfaceIAS.cpp">
      <Filter>Source Files\2. IAS</Filter>
    </ClCompile>
    <ClCompile Include="..\ATFGeneratorApp\src\IAS\ViewMethodIAS.cpp">
      <Filter>Source Files\2. IAS</Filter>
    </ClCompile>
    <ClCompile Include="..\ATFGeneratorApp\src\CPU\RendererCPU.cpp">
      <Filter>Source Files\5. CPU</Filter>
    </ClCompile>
    <ClCompile Include="..\ATFGeneratorApp\src\CPU\UserInterfaceCPU.cpp">
      <Filter>Source Files\5. CPU</Filter>
    </ClCompile>
    <ClCompile Include="..\ATFGeneratorApp\src\CPU\ViewMethodCPU.cpp">
      <Filter>Source Files\5. CPU</Filter>
    </ClCompile>
    <ClCompile Include="..\ATFGeneratorApp\src\AutomaticTransferFunction\ATFGenerator.cpp">
      <Filter>Source Files\AutomaticTransferFunction</Filter>
    </ClCompile>
    <ClCompile Include="..\ATFGeneratorApp\src\AutomaticTransferFunction\ATFInterface.cpp">
      <Filter>Source Files\AutomaticTransferFunction</Filter>
    </ClCompile>
    <ClCompile Include="..\ATFGeneratorApp\src\AutomaticTransferFunction\FunctionDesigner.cpp">
      <Filter>Source Files\AutomaticTransferFunction</Filter>
    </ClCompile>
    <ClCompile Include="..\ATFGeneratorApp\src\AutomaticTransferFunction\TransferFunction.cpp">
      <Filter>Source Files\AutomaticTransferFunction</Filter>
    </ClCompile>
    <ClCompile Include="..\ATFGeneratorApp\src\AutomaticTransferFunction\PGMFile.cpp">
      <Filter>Source Files\AutomaticTransferFunction</Filter>
    </ClCompile>
  </ItemGroup>
  <ItemGroup>
    <ClInclude Include="..\ATFGeneratorApp\src\ViewMethod\ViewMethod.h">
      <Filter>Source Files\ViewMethod</Filter>
    </ClInclude>
    <ClInclude Include="..\ATFGeneratorApp\src\CPU\VolumeEvaluator.h">
      <Filter>Source Files\5. CPU</Filter>
    </ClInclude>
    <ClInclude Include="..\ATFGeneratorApp\src\gbuffer.h">
      <Filter>Includes Files</Filter>
    </ClInclude>
    <ClInclude Include="..\ATFGeneratorApp\src\Viewer.h">
      <Filter>Source Files\Viewer</Filter>
    </ClInclude>
    <ClInclude Include="..\ATFGeneratorApp\src\ViewerInterface.h">
      <Filter>Source Files\Viewer</Filter>
    </ClInclude>
    <ClInclude Include="..\ATFGeneratorApp\src\CPU\SimpsonEvaluation.h">
      <Filter>Source Files\5. CPU</Filter>
    </ClInclude>
    <ClInclude Include="..\ATFGeneratorApp\src\TransferFunctionViewer\TransferFunctionsViewer.h">
      <Filter>Source Files\TransferFunctionViewer</Filter>
    </ClInclude>
    <ClInclude Include="..\ATFGeneratorApp\src\CPU\Evaluator.h">
      <Filter>Source Files\5. CPU</Filter>
    </ClInclude>
    <ClInclude Include="..\ATFGeneratorApp\src\CPU\defines.h">
      <Filter>Source Files\5. CPU</Filter>
    </ClInclude>
    <ClInclude Include="..\ATFGeneratorApp\src\CPUTimer.h">
      <Filter>Source Files</Filter>
    </ClInclude>
    <ClInclude Include="..\ATFGeneratorApp\src\ERN\ERNRenderer.h">
      <Filter>OldFiles\ERN</Filter>
    </ClInclude>
    <ClInclude Include="..\ATFGeneratorApp\src\ERN\ERNUserInterface.h">
      <Filter>OldFiles\ERN</Filter>
    </ClInclude>
    <ClInclude Include="..\ATFGeneratorApp\src\ERN\ERNViewMethod.h">
      <Filter>OldFiles\ERN</Filter>
    </ClInclude>
    <ClInclude Include="..\ATFGeneratorApp\src\ERN2D\ERN2DRenderer.h">
      <Filter>OldFiles\ERN2D</Filter>
    </ClInclude>
    <ClInclude Include="..\ATFGeneratorApp\src\ERN2D\ERN2DUserInterface.h">
      <Filter>OldFiles\ERN2D</Filter>
    </ClInclude>
    <ClInclude Include="..\ATFGeneratorApp\src\ERN2D\ERN2DViewMethod.h">
      <Filter>OldFiles\ERN2D</Filter>
    </ClInclude>
    <ClInclude Include="..\ATFGeneratorApp\src\ERN2D\Volume2D.h">
      <Filter>OldFiles\ERN2D</Filter>
    </ClInclude>
    <ClInclude Include="..\ATFGeneratorApp\src\CPU\SimpsonHalfIntegrator.h">
      <Filter>Source Files\5. CPU\AdaptiveMethods</Filter>
    </ClInclude>
    <ClInclude Include="..\ATFGeneratorApp\src\CPU\CommonSimpsonIntegrationFunctions.hpp">
      <Filter>Source Files\5. CPU\AdaptiveMethods</Filter>
    </ClInclude>
    <ClInclude Include="..\ATFGeneratorApp\src\CPU\SimpsonErrorHalfIntegrator.h">
      <Filter>Source Files\5. CPU\AdaptiveMethods</Filter>
    </ClInclude>
    <ClInclude Include="..\ATFGeneratorApp\src\CPU\SimpsonErrorIntegrator.h">
      <Filter>Source Files\5. CPU\AdaptiveMethods</Filter>
    </ClInclude>
    <ClInclude Include="..\ATFGeneratorApp\src\CPU\SimpsonErrorQuadraticIntegrator.h">
      <Filter>Source Files\5. CPU\AdaptiveMethods</Filter>
    </ClInclude>
    <ClInclude Include="..\ATFGeneratorApp\src\CPU\SimpsonErrorProjectionIntegrator.h">
      <Filter>Source Files\5. CPU\AdaptiveMethods</Filter>
    </ClInclude>
    <ClInclude Include="..\ATFGeneratorApp\src\CPU\SimpsonErrorHalfProjectionIntegrator.h">
      <Filter>Source Files\5. CPU\AdaptiveMethods</Filter>
    </ClInclude>
    <ClInclude Include="..\ATFGeneratorApp\src\CPU\SimpsonHalfIteratorRiemannError.h">
      <Filter>Source Files\5. CPU\AdaptiveMethods</Filter>
    </ClInclude>
    <ClInclude Include="..\ATFGeneratorApp\src\CPU\SimpsonIntegrator.h">
      <Filter>Source Files\5. CPU\AdaptiveMethods</Filter>
    </ClInclude>
    <ClInclude Include="..\ATFGeneratorApp\src\CPU\SimpsonHalfIterateIntegrator.h">
      <Filter>Source Files\5. CPU\AdaptiveMethods\Simpson iterando na externa</Filter>
    </ClInclude>
    <ClInclude Include="..\ATFGeneratorApp\src\CPU\SimpsonHalfQueueIntegrator.h">
      <Filter>Source Files\5. CPU\AdaptiveMethods\Simpson Fila</Filter>
    </ClInclude>
    <ClInclude Include="..\ATFGeneratorApp\src\CPU\RiemannSummation.hpp">
      <Filter>Source Files\5. CPU</Filter>
    </ClInclude>
    <ClInclude Include="..\ATFGeneratorApp\src\CPU\SimpsonRule.hpp">
      <Filter>Source Files\5. CPU</Filter>
    </ClInclude>
    <ClInclude Include="..\ATFGeneratorApp\src\ViewMethod\GLSLViewMethod.h">
      <Filter>Source Files\ViewMethod</Filter>
    </ClInclude>
    <ClInclude Include="..\ATFGeneratorApp\src\EquidistantEvaluation\RendererEquidistant.h">
      <Filter>Source Files\3. Equidistant Evaluation</Filter>
    </ClInclude>
    <ClInclude Include="..\ATFGeneratorApp\src\EquidistantEvaluation\UserInterfaceEquidistant.h">
      <Filter>Source Files\3. Equidistant Evaluation</Filter>
    </ClInclude>
    <ClInclude Include="..\ATFGeneratorApp\src\EquidistantEvaluation\ViewMethodEquidistant.h">
      <Filter>Source Files\3. Equidistant Evaluation</Filter>
    </ClInclude>
    <ClInclude Include="..\ATFGeneratorApp\src\AdaptiveEvaluation\RendererAdaptive.h">
      <Filter>Source Files\4. Adaptive Evaluation</Filter>
    </ClInclude>
    <ClInclude Include="..\ATFGeneratorApp\src\AdaptiveEvaluation\UserInterfaceAdaptive.h">
      <Filter>Source Files\4. Adaptive Evaluation</Filter>
    </ClInclude>
    <ClInclude Include="..\ATFGeneratorApp\src\AdaptiveEvaluation\ViewMethodAdaptive.h">
      <Filter>Source Files\4. Adaptive Evaluation</Filter>
    </ClInclude>
    <ClInclude Include="..\ATFGeneratorApp\src\GLSL2P\RendererGLSL2P.h">
      <Filter>Source Files\1. GLSL2P</Filter>
    </ClInclude>
    <ClInclude Include="..\ATFGeneratorApp\src\GLSL2P\UserInterfaceGLSL2P.h">
      <Filter>Source Files\1. GLSL2P</Filter>
    </ClInclude>
    <ClInclude Include="..\ATFGeneratorApp\src\GLSL2P\ViewMethodGLSL2P.h">
      <Filter>Source Files\1. GLSL2P</Filter>
    </ClInclude>
    <ClInclude Include="..\ATFGeneratorApp\src\IAS\RendererIAS.h">
      <Filter>Source Files\2. IAS</Filter>
    </ClInclude>
    <ClInclude Include="..\ATFGeneratorApp\src\IAS\UserInterfaceIAS.h">
      <Filter>Source Files\2. IAS</Filter>
    </ClInclude>
    <ClInclude Include="..\ATFGeneratorApp\src\IAS\ViewMethodIAS.h">
      <Filter>Source Files\2. IAS</Filter>
    </ClInclude>
    <ClInclude Include="..\ATFGeneratorApp\src\CPU\RendererCPU.h">
      <Filter>Source Files\5. CPU</Filter>
    </ClInclude>
    <ClInclude Include="..\ATFGeneratorApp\src\CPU\UserInterfaceCPU.h">
      <Filter>Source Files\5. CPU</Filter>
    </ClInclude>
    <ClInclude Include="..\ATFGeneratorApp\src\CPU\ViewMethodCPU.h">
      <Filter>Source Files\5. CPU</Filter>
    </ClInclude>
    <ClInclude Include="..\ATFGeneratorApp\src\AutomaticTransferFunction\ATFGenerator.h">
      <Filter>Source Files\AutomaticTransferFunction</Filter>
    </ClInclude>
    <ClInclude Include="..\ATFGeneratorApp\src\AutomaticTransferFunction\ATFInterface.h">
      <Filter>Source Files\AutomaticTransferFunction</Filter>
    </ClInclude>
    <ClInclude Include="..\ATFGeneratorApp\src\AutomaticTransferFunction\FunctionDesigner.h">
      <Filter>Source Files\AutomaticTransferFunction</Filter>
    </ClInclude>
    <ClInclude Include="..\ATFGeneratorApp\src\AutomaticTransferFunction\IATFGenerator.h">
      <Filter>Source Files\AutomaticTransferFunction</Filter>
    </ClInclude>
    <ClInclude Include="..\ATFGeneratorApp\src\AutomaticTransferFunction\TransferFunction.h">
      <Filter>Source Files\AutomaticTransferFunction</Filter>
    </ClInclude>
    <ClInclude Include="..\ATFGeneratorApp\src\AutomaticTransferFunction\ITransferFunction.h">
      <Filter>Source Files\AutomaticTransferFunction</Filter>
    </ClInclude>
    <ClInclude Include="..\ATFGeneratorApp\src\AutomaticTransferFunction\PGMFile.h">
      <Filter>Source Files\AutomaticTransferFunction</Filter>
    </ClInclude>
  </ItemGroup>
  <ItemGroup>
    <None Include="ClassDiagram.cd">
      <Filter>Source Files\AutomaticTransferFunction</Filter>
    </None>
    <None Include="..\ATFGeneratorApp\shader\StructuredDataset\AdaptiveEvaluation\coupled.frag" />
    <None Include="..\ATFGeneratorApp\shader\StructuredDataset\AdaptiveEvaluation\decoupled.frag" />
    <None Include="..\ATFGeneratorApp\shader\StructuredDataset\backface.frag" />
    <None Include="..\ATFGeneratorApp\shader\StructuredDataset\backface.vert" />
    <None Include="..\ATFGeneratorApp\shader\StructuredDataset\Composition\backtofront.frag" />
    <None Include="..\ATFGeneratorApp\shader\StructuredDataset\Composition\fronttoback.frag" />
    <None Include="..\ATFGeneratorApp\shader\StructuredDataset\doubleversions\RiemannGLSL.frag" />
    <None Include="..\ATFGeneratorApp\shader\StructuredDataset\EquidistantEvaluation\riemann.frag" />
    <None Include="..\ATFGeneratorApp\shader\StructuredDataset\ERN2D\Quad.frag" />
    <None Include="..\ATFGeneratorApp\shader\StructuredDataset\ERN2D\Quad.vert" />
    <None Include="..\ATFGeneratorApp\shader\StructuredDataset\ERN\backface.frag" />
    <None Include="..\ATFGeneratorApp\shader\StructuredDataset\ERN\backface.vert" />
    <None Include="..\ATFGeneratorApp\shader\StructuredDataset\ERN\raycasting.frag" />
    <None Include="..\ATFGeneratorApp\shader\StructuredDataset\ERN\raycasting.vert" />
    <None Include="..\ATFGeneratorApp\shader\StructuredDataset\IAS\d_Simpson_Half_Queue.frag" />
    <None Include="..\ATFGeneratorApp\shader\StructuredDataset\IAS\d_Simpson_Half_Queue_acc.frag" />
    <None Include="..\ATFGeneratorApp\shader\StructuredDataset\IAS\f_opt_Simpson_Half_Iterate_simple_extstep.frag" />
    <None Include="..\ATFGeneratorApp\shader\StructuredDataset\IAS\f_Simpson_Half_Iterate_aprox.frag" />
    <None Include="..\ATFGeneratorApp\shader\StructuredDataset\IAS\f_Simpson_Half_Iterate_Separated.frag" />
    <None Include="..\ATFGeneratorApp\shader\StructuredDataset\IAS\f_Simpson_Half_Iterate_simple.frag" />
    <None Include="..\ATFGeneratorApp\shader\StructuredDataset\IAS\f_Simpson_Half_Iterate_simple_extstep.frag" />
    <None Include="..\ATFGeneratorApp\shader\StructuredDataset\IAS\f_Simpson_Half_Iterate_complex_extstep.frag" />
    <None Include="..\ATFGeneratorApp\shader\StructuredDataset\IAS\f_Simpson_Half_Iteration.frag" />
    <None Include="..\ATFGeneratorApp\shader\StructuredDataset\IAS\f_Simpson_Half_Iteration_opt.frag" />
    <None Include="..\ATFGeneratorApp\shader\StructuredDataset\IAS\f_Simpson_Half_Iteration_opt2.frag" />
    <None Include="..\ATFGeneratorApp\shader\StructuredDataset\IAS\f_Simpson_Half_Queue.frag" />
    <None Include="..\ATFGeneratorApp\shader\StructuredDataset\IAS\f_Simpson_Half_Queue_acc.frag" />
    <None Include="..\ATFGeneratorApp\shader\StructuredDataset\IAS\d_Simpson_Half_Half.frag" />
    <None Include="..\ATFGeneratorApp\shader\StructuredDataset\IAS\f_raycasting_SBOEH.frag" />
    <None Include="..\ATFGeneratorApp\shader\StructuredDataset\IAS\f_raycasting_SBOE.frag" />
    <None Include="..\ATFGeneratorApp\shader\StructuredDataset\IAS\f_raycasting_SBOEHP.frag" />
    <None Include="..\ATFGeneratorApp\shader\StructuredDataset\IAS\f_Simpson_Half_Half.frag" />
    <None Include="..\ATFGeneratorApp\shader\StructuredDataset\IAS\f_raycasting_SBOEP.frag" />
    <None Include="..\ATFGeneratorApp\shader\StructuredDataset\IterativeAdaptiveSimpson\f_coupled.frag" />
    <None Include="..\ATFGeneratorApp\shader\StructuredDataset\IterativeAdaptiveSimpson\f_decoupled.frag" />
    <None Include="..\ATFGeneratorApp\shader\StructuredDataset\raycasting.vert" />
    <None Include="..\ATFGeneratorApp\shader\StructuredDataset\RiemannSummation\raycasting.frag" />
  </ItemGroup>
  <ItemGroup>
    <Image Include="ClassInteraction.png">
      <Filter>Source Files\AutomaticTransferFunction</Filter>
    </Image>
  </ItemGroup>
</Project>